
Microsoft Visual Studio Solution File, Format Version 12.00
# Visual Studio Version 16
VisualStudioVersion = 16.0.29324.140
MinimumVisualStudioVersion = 10.0.40219.1
Project("{FAE04EC0-301F-11D3-BF4B-00C04F79EFBC}") = "Rhetos.Jobs.Test", "src\Rhetos.Jobs.Test\Rhetos.Jobs.Test.csproj", "{B52BD822-6272-4A3E-9601-26EBFAB25FAA}"
EndProject
Global
	GlobalSection(SolutionConfigurationPlatforms) = preSolution
		Debug|Any CPU = Debug|Any CPU
		Release|Any CPU = Release|Any CPU
	EndGlobalSection
	GlobalSection(ProjectConfigurationPlatforms) = postSolution
		{B52BD822-6272-4A3E-9601-26EBFAB25FAA}.Debug|Any CPU.ActiveCfg = Debug|Any CPU
		{B52BD822-6272-4A3E-9601-26EBFAB25FAA}.Debug|Any CPU.Build.0 = Debug|Any CPU
		{B52BD822-6272-4A3E-9601-26EBFAB25FAA}.Release|Any CPU.ActiveCfg = Release|Any CPU
		{B52BD822-6272-4A3E-9601-26EBFAB25FAA}.Release|Any CPU.Build.0 = Release|Any CPU
	EndGlobalSection
	GlobalSection(SolutionProperties) = preSolution
		HideSolutionNode = FALSE
	EndGlobalSection
	GlobalSection(ExtensibilityGlobals) = postSolution
		SolutionGuid = {C111522F-9F76-4E2F-9B4F-C8F012486B4A}
	EndGlobalSection
EndGlobal
