
Microsoft Visual Studio Solution File, Format Version 12.00
# Visual Studio Version 16
VisualStudioVersion = 16.0.31613.86
MinimumVisualStudioVersion = 10.0.40219.1
Project("{2150E333-8FDC-42A3-9474-1A3956D46DE8}") = "Solution Items", "Solution Items", "{01B4D797-F972-4A10-89C5-3DE6EC7D74B3}"
	ProjectSection(SolutionItems) = preProject
		.editorconfig = .editorconfig
		.gitignore = .gitignore
		Build.bat = Build.bat
		Tools\Build\ChangeVersion.ps1 = Tools\Build\ChangeVersion.ps1
		Clean.bat = Clean.bat
		Directory.Build.props = Directory.Build.props
		Readme.md = Readme.md
		src\Rhetos.Jobs.Abstractions.nuspec = src\Rhetos.Jobs.Abstractions.nuspec
		src\Rhetos.Jobs.Hangfire.nuspec = src\Rhetos.Jobs.Hangfire.nuspec
		Test.bat = Test.bat
	EndProjectSection
EndProject
Project("{9A19103F-16F7-4668-BE54-9A1E7A4F7556}") = "Rhetos.Jobs.Abstractions", "src\Rhetos.Jobs.Abstractions\Rhetos.Jobs.Abstractions.csproj", "{F0F84D85-FFC8-4501-98EF-042B8832DBA2}"
EndProject
Project("{9A19103F-16F7-4668-BE54-9A1E7A4F7556}") = "Rhetos.Jobs.Hangfire", "src\Rhetos.Jobs.Hangfire\Rhetos.Jobs.Hangfire.csproj", "{2D9DCA8D-020C-430F-B7B0-2A3562B61E52}"
EndProject
Project("{9A19103F-16F7-4668-BE54-9A1E7A4F7556}") = "TestApp", "test\TestApp\TestApp.csproj", "{27055B70-4AFE-46E3-9B62-639060ED2B3D}"
EndProject
Project("{9A19103F-16F7-4668-BE54-9A1E7A4F7556}") = "Rhetos.Jobs.Test", "test\Rhetos.Jobs.Test\Rhetos.Jobs.Test.csproj", "{52FEE8FA-A1BF-42B6-9E1A-8275B636CC89}"
EndProject
Global
	GlobalSection(SolutionConfigurationPlatforms) = preSolution
		Debug|Any CPU = Debug|Any CPU
		Release|Any CPU = Release|Any CPU
	EndGlobalSection
	GlobalSection(ProjectConfigurationPlatforms) = postSolution
		{F0F84D85-FFC8-4501-98EF-042B8832DBA2}.Debug|Any CPU.ActiveCfg = Debug|Any CPU
		{F0F84D85-FFC8-4501-98EF-042B8832DBA2}.Debug|Any CPU.Build.0 = Debug|Any CPU
		{F0F84D85-FFC8-4501-98EF-042B8832DBA2}.Release|Any CPU.ActiveCfg = Release|Any CPU
		{F0F84D85-FFC8-4501-98EF-042B8832DBA2}.Release|Any CPU.Build.0 = Release|Any CPU
		{2D9DCA8D-020C-430F-B7B0-2A3562B61E52}.Debug|Any CPU.ActiveCfg = Debug|Any CPU
		{2D9DCA8D-020C-430F-B7B0-2A3562B61E52}.Debug|Any CPU.Build.0 = Debug|Any CPU
		{2D9DCA8D-020C-430F-B7B0-2A3562B61E52}.Release|Any CPU.ActiveCfg = Release|Any CPU
		{2D9DCA8D-020C-430F-B7B0-2A3562B61E52}.Release|Any CPU.Build.0 = Release|Any CPU
		{27055B70-4AFE-46E3-9B62-639060ED2B3D}.Debug|Any CPU.ActiveCfg = Debug|Any CPU
		{27055B70-4AFE-46E3-9B62-639060ED2B3D}.Debug|Any CPU.Build.0 = Debug|Any CPU
		{27055B70-4AFE-46E3-9B62-639060ED2B3D}.Release|Any CPU.ActiveCfg = Release|Any CPU
		{27055B70-4AFE-46E3-9B62-639060ED2B3D}.Release|Any CPU.Build.0 = Release|Any CPU
		{52FEE8FA-A1BF-42B6-9E1A-8275B636CC89}.Debug|Any CPU.ActiveCfg = Debug|Any CPU
		{52FEE8FA-A1BF-42B6-9E1A-8275B636CC89}.Debug|Any CPU.Build.0 = Debug|Any CPU
		{52FEE8FA-A1BF-42B6-9E1A-8275B636CC89}.Release|Any CPU.ActiveCfg = Release|Any CPU
		{52FEE8FA-A1BF-42B6-9E1A-8275B636CC89}.Release|Any CPU.Build.0 = Release|Any CPU
	EndGlobalSection
	GlobalSection(SolutionProperties) = preSolution
		HideSolutionNode = FALSE
	EndGlobalSection
	GlobalSection(ExtensibilityGlobals) = postSolution
		SolutionGuid = {8B6E34C2-5956-4DA2-9410-5DAA3EA385AB}
	EndGlobalSection
EndGlobal
